
Microsoft Visual Studio Solution File, Format Version 12.00
# Visual Studio Version 16
VisualStudioVersion = 16.0.30330.147
MinimumVisualStudioVersion = 10.0.40219.1
Project("{9A19103F-16F7-4668-BE54-9A1E7A4F7556}") = "API", "src\API\API.csproj", "{4B1FA99D-60E3-4DB7-A680-99BF78C197E5}"
EndProject
Project("{2150E333-8FDC-42A3-9474-1A3956D46DE8}") = "Solution Items", "Solution Items", "{B9F52609-C72C-4699-BCD2-6E52BE08454E}"
	ProjectSection(SolutionItems) = preProject
		src\FusionAuth\.env = src\FusionAuth\.env
		src\FusionAuth\docker-compose.yml = src\FusionAuth\docker-compose.yml
		src\KeyCloak\docker-compose.yml = src\KeyCloak\docker-compose.yml
		..\readme.md = ..\readme.md
		src\KeyCloak\stack-deploy.yml = src\KeyCloak\stack-deploy.yml
	EndProjectSection
EndProject
Project("{9A19103F-16F7-4668-BE54-9A1E7A4F7556}") = "MVC", "src\MVC\MVC.csproj", "{E8008076-B2D5-4FF8-833C-2CF28FBCACF9}"
EndProject
Project("{FAE04EC0-301F-11D3-BF4B-00C04F79EFBC}") = "Domain", "src\Domain\Domain.csproj", "{A2F9F6BD-167E-4CF7-8536-8BE66C345BB9}"
EndProject
Project("{FAE04EC0-301F-11D3-BF4B-00C04F79EFBC}") = "Data", "src\Data\Data.csproj", "{22014A3C-B77E-4307-AAD4-EB19C9AE3974}"
EndProject
Global
	GlobalSection(SolutionConfigurationPlatforms) = preSolution
		Debug|Any CPU = Debug|Any CPU
		Release|Any CPU = Release|Any CPU
	EndGlobalSection
	GlobalSection(ProjectConfigurationPlatforms) = postSolution
		{4B1FA99D-60E3-4DB7-A680-99BF78C197E5}.Debug|Any CPU.ActiveCfg = Debug|Any CPU
		{4B1FA99D-60E3-4DB7-A680-99BF78C197E5}.Debug|Any CPU.Build.0 = Debug|Any CPU
		{4B1FA99D-60E3-4DB7-A680-99BF78C197E5}.Release|Any CPU.ActiveCfg = Release|Any CPU
		{4B1FA99D-60E3-4DB7-A680-99BF78C197E5}.Release|Any CPU.Build.0 = Release|Any CPU
		{E8008076-B2D5-4FF8-833C-2CF28FBCACF9}.Debug|Any CPU.ActiveCfg = Debug|Any CPU
		{E8008076-B2D5-4FF8-833C-2CF28FBCACF9}.Debug|Any CPU.Build.0 = Debug|Any CPU
		{E8008076-B2D5-4FF8-833C-2CF28FBCACF9}.Release|Any CPU.ActiveCfg = Release|Any CPU
		{E8008076-B2D5-4FF8-833C-2CF28FBCACF9}.Release|Any CPU.Build.0 = Release|Any CPU
		{A2F9F6BD-167E-4CF7-8536-8BE66C345BB9}.Debug|Any CPU.ActiveCfg = Debug|Any CPU
		{A2F9F6BD-167E-4CF7-8536-8BE66C345BB9}.Debug|Any CPU.Build.0 = Debug|Any CPU
		{A2F9F6BD-167E-4CF7-8536-8BE66C345BB9}.Release|Any CPU.ActiveCfg = Release|Any CPU
		{A2F9F6BD-167E-4CF7-8536-8BE66C345BB9}.Release|Any CPU.Build.0 = Release|Any CPU
		{22014A3C-B77E-4307-AAD4-EB19C9AE3974}.Debug|Any CPU.ActiveCfg = Debug|Any CPU
		{22014A3C-B77E-4307-AAD4-EB19C9AE3974}.Debug|Any CPU.Build.0 = Debug|Any CPU
		{22014A3C-B77E-4307-AAD4-EB19C9AE3974}.Release|Any CPU.ActiveCfg = Release|Any CPU
		{22014A3C-B77E-4307-AAD4-EB19C9AE3974}.Release|Any CPU.Build.0 = Release|Any CPU
	EndGlobalSection
	GlobalSection(SolutionProperties) = preSolution
		HideSolutionNode = FALSE
	EndGlobalSection
	GlobalSection(ExtensibilityGlobals) = postSolution
		SolutionGuid = {17F3FC41-68DB-45B0-8531-7820A89DCDF3}
	EndGlobalSection
EndGlobal
